
Microsoft Visual Studio Solution File, Format Version 12.00
# Visual Studio Version 17
VisualStudioVersion = 17.4.33213.308
MinimumVisualStudioVersion = 10.0.40219.1
Project("{FAE04EC0-301F-11D3-BF4B-00C04F79EFBC}") = "week7", "week7\week7.csproj", "{F8FCF1A4-F733-4DE7-A537-31C5FF23A1DA}"
EndProject
Project("{FAE04EC0-301F-11D3-BF4B-00C04F79EFBC}") = "Calculator", "Calculator\Calculator.csproj", "{01E1AC5F-05DC-4D48-870F-D5E5A18C32CC}"
EndProject
Project("{FAE04EC0-301F-11D3-BF4B-00C04F79EFBC}") = "ArgumentsAndParameters", "ArgumentsAndParameters\ArgumentsAndParameters.csproj", "{0DB36B45-772A-4225-A1FC-05843160C6F9}"
EndProject
Project("{FAE04EC0-301F-11D3-BF4B-00C04F79EFBC}") = "DiscountCalculator", "DiscountCalculator\DiscountCalculator.csproj", "{52C67C59-AD27-447A-BEEF-C9AD2AF565A0}"
EndProject
Global
	GlobalSection(SolutionConfigurationPlatforms) = preSolution
		Debug|Any CPU = Debug|Any CPU
		Release|Any CPU = Release|Any CPU
	EndGlobalSection
	GlobalSection(ProjectConfigurationPlatforms) = postSolution
		{F8FCF1A4-F733-4DE7-A537-31C5FF23A1DA}.Debug|Any CPU.ActiveCfg = Debug|Any CPU
		{F8FCF1A4-F733-4DE7-A537-31C5FF23A1DA}.Debug|Any CPU.Build.0 = Debug|Any CPU
		{F8FCF1A4-F733-4DE7-A537-31C5FF23A1DA}.Release|Any CPU.ActiveCfg = Release|Any CPU
		{F8FCF1A4-F733-4DE7-A537-31C5FF23A1DA}.Release|Any CPU.Build.0 = Release|Any CPU
		{01E1AC5F-05DC-4D48-870F-D5E5A18C32CC}.Debug|Any CPU.ActiveCfg = Debug|Any CPU
		{01E1AC5F-05DC-4D48-870F-D5E5A18C32CC}.Debug|Any CPU.Build.0 = Debug|Any CPU
		{01E1AC5F-05DC-4D48-870F-D5E5A18C32CC}.Release|Any CPU.ActiveCfg = Release|Any CPU
		{01E1AC5F-05DC-4D48-870F-D5E5A18C32CC}.Release|Any CPU.Build.0 = Release|Any CPU
		{0DB36B45-772A-4225-A1FC-05843160C6F9}.Debug|Any CPU.ActiveCfg = Debug|Any CPU
		{0DB36B45-772A-4225-A1FC-05843160C6F9}.Debug|Any CPU.Build.0 = Debug|Any CPU
		{0DB36B45-772A-4225-A1FC-05843160C6F9}.Release|Any CPU.ActiveCfg = Release|Any CPU
		{0DB36B45-772A-4225-A1FC-05843160C6F9}.Release|Any CPU.Build.0 = Release|Any CPU
		{52C67C59-AD27-447A-BEEF-C9AD2AF565A0}.Debug|Any CPU.ActiveCfg = Debug|Any CPU
		{52C67C59-AD27-447A-BEEF-C9AD2AF565A0}.Debug|Any CPU.Build.0 = Debug|Any CPU
		{52C67C59-AD27-447A-BEEF-C9AD2AF565A0}.Release|Any CPU.ActiveCfg = Release|Any CPU
		{52C67C59-AD27-447A-BEEF-C9AD2AF565A0}.Release|Any CPU.Build.0 = Release|Any CPU
	EndGlobalSection
	GlobalSection(SolutionProperties) = preSolution
		HideSolutionNode = FALSE
	EndGlobalSection
	GlobalSection(ExtensibilityGlobals) = postSolution
		SolutionGuid = {51865085-CD63-4F9E-ADD3-2981F37425B0}
	EndGlobalSection
EndGlobal
